{
  "name": "odense-z",
  "version": "1.0.0",
  "lockfileVersion": 1,
  "requires": true,
  "dependencies": {
    "@abaplint/cli": {
      "version": "2.71.2",
      "resolved": "https://registry.npmjs.org/@abaplint/cli/-/cli-2.71.2.tgz",
      "integrity": "sha512-CCHhQAcXGiUtdoxqaJwuv/jW4C7ouyvNSn6yOkZIUUc42/YAsri7/ngF1sGiK1U/TIjdwH89rQtYfqlfFckKtw=="
    }
  }
}
