{
  "name": "odense-z",
  "version": "1.0.0",
  "lockfileVersion": 1,
  "requires": true,
  "dependencies": {
    "@abaplint/cli": {
      "version": "2.58.0",
      "resolved": "https://registry.npmjs.org/@abaplint/cli/-/cli-2.58.0.tgz",
      "integrity": "sha512-nkjzGg9V8m8OFphWLNbLkw8tIgSZDjy+IvS1/DdEf/hxpQ3kxtVHSqdx2g7e+rTQO9yLicEgKUM3ojbs4SXLpA=="
    }
  }
}
