{
  "name": "odense-z",
  "version": "1.0.0",
  "lockfileVersion": 1,
  "requires": true,
  "dependencies": {
    "@abaplint/cli": {
      "version": "2.59.1",
      "resolved": "https://registry.npmjs.org/@abaplint/cli/-/cli-2.59.1.tgz",
      "integrity": "sha512-0yIEtBB8Vgd/XFQGinFqBzwrOrB8NrWgaxRI8qbJrbQAYpssvrBpVpLQb17CPX+ZdOw7mHXp1HyPCvdrcDNgOg=="
    }
  }
}
